lockfileVersion: '9.0'

settings:
  autoInstallPeers: true
  excludeLinksFromLockfile: false

importers:

  .:
    dependencies:
      '@pledge4peace/types':
        specifier: workspace:^
        version: link:../../packages/types
      '@repo/ui':
        specifier: workspace:*
        version: link:../../packages/ui
      react:
        specifier: ^19.1.0
        version: 19.1.0
      react-dom:
        specifier: ^19.1.0
        version: 19.1.0(react@19.1.0)
      sonner:
        specifier: ^2.0.3
        version: 2.0.3(react-dom@19.1.0(react@19.1.0))(react@19.1.0)
    devDependencies:
      '@repo/eslint-config':
        specifier: workspace:*
        version: link:../../packages/eslint-config
      '@repo/typescript-config':
        specifier: workspace:*
        version: link:../../packages/typescript-config

packages:

  react-dom@19.1.0:
    resolution: {integrity: sha512-Xs1hdnE+DyKgeHJeJznQmYMIBG3TKIHJJT95Q58nHLSrElKlGQqDTR2HQ9fx5CN/Gk6Vh/kupBTDLU11/nDk/g==}
    peerDependencies:
      react: ^19.1.0

  react@19.1.0:
    resolution: {integrity: sha512-FS+XFBNvn3GTAWq26joslQgWNoFu08F4kl0J4CgdNKADkdSGXQyTCnKteIAJy96Br6YbpEU1LSzV5dYtjMkMDg==}
    engines: {node: '>=0.10.0'}

  scheduler@0.26.0:
    resolution: {integrity: sha512-NlHwttCI/l5gCPR3D1nNXtWABUmBwvZpEQiD4IXSbIDq8BzLIK/7Ir5gTFSGZDUu37K5cMNp0hFtzO38sC7gWA==}

  sonner@2.0.3:
    resolution: {integrity: sha512-njQ4Hht92m0sMqqHVDL32V2Oun9W1+PHO9NDv9FHfJjT3JT22IG4Jpo3FPQy+mouRKCXFWO+r67v6MrHX2zeIA==}
    peerDependencies:
      react: ^18.0.0 || ^19.0.0 || ^19.0.0-rc
      react-dom: ^18.0.0 || ^19.0.0 || ^19.0.0-rc

snapshots:

  react-dom@19.1.0(react@19.1.0):
    dependencies:
      react: 19.1.0
      scheduler: 0.26.0

  react@19.1.0: {}

  scheduler@0.26.0: {}

  sonner@2.0.3(react-dom@19.1.0(react@19.1.0))(react@19.1.0):
    dependencies:
      react: 19.1.0
      react-dom: 19.1.0(react@19.1.0)
